
Microsoft Visual Studio Solution File, Format Version 12.00
# Visual Studio Version 17
VisualStudioVersion = 17.11.35219.272
MinimumVisualStudioVersion = 10.0.40219.1
Project("{FAE04EC0-301F-11D3-BF4B-00C04F79EFBC}") = "gkquotes", "gkquotes\gkquotes.csproj", "{F060A4A8-D9F0-4AA2-897A-3B6D97E51748}"
EndProject
Global
	GlobalSection(SolutionConfigurationPlatforms) = preSolution
		Debug|Any CPU = Debug|Any CPU
		Release|Any CPU = Release|Any CPU
	EndGlobalSection
	GlobalSection(ProjectConfigurationPlatforms) = postSolution
		{F060A4A8-D9F0-4AA2-897A-3B6D97E51748}.Debug|Any CPU.ActiveCfg = Debug|Any CPU
		{F060A4A8-D9F0-4AA2-897A-3B6D97E51748}.Debug|Any CPU.Build.0 = Debug|Any CPU
		{F060A4A8-D9F0-4AA2-897A-3B6D97E51748}.Release|Any CPU.ActiveCfg = Release|Any CPU
		{F060A4A8-D9F0-4AA2-897A-3B6D97E51748}.Release|Any CPU.Build.0 = Release|Any CPU
	EndGlobalSection
	GlobalSection(SolutionProperties) = preSolution
		HideSolutionNode = FALSE
	EndGlobalSection
	GlobalSection(ExtensibilityGlobals) = postSolution
		SolutionGuid = {9940C019-2A18-4CC4-8A16-20CAE4C6FA88}
	EndGlobalSection
EndGlobal
