
Microsoft Visual Studio Solution File, Format Version 12.00
# Visual Studio 15
VisualStudioVersion = 15.0.28010.2036
MinimumVisualStudioVersion = 10.0.40219.1
Project("{FAE04EC0-301F-11D3-BF4B-00C04F79EFBC}") = "AISWeb", "AISWeb\AISWeb.csproj", "{97EC01C2-6B03-430D-A956-18C6EC95C025}"
EndProject
Global
	GlobalSection(SolutionConfigurationPlatforms) = preSolution
		Debug|Any CPU = Debug|Any CPU
		Release|Any CPU = Release|Any CPU
	EndGlobalSection
	GlobalSection(ProjectConfigurationPlatforms) = postSolution
		{97EC01C2-6B03-430D-A956-18C6EC95C025}.Debug|Any CPU.ActiveCfg = Debug|Any CPU
		{97EC01C2-6B03-430D-A956-18C6EC95C025}.Debug|Any CPU.Build.0 = Debug|Any CPU
		{97EC01C2-6B03-430D-A956-18C6EC95C025}.Release|Any CPU.ActiveCfg = Release|Any CPU
		{97EC01C2-6B03-430D-A956-18C6EC95C025}.Release|Any CPU.Build.0 = Release|Any CPU
	EndGlobalSection
	GlobalSection(SolutionProperties) = preSolution
		HideSolutionNode = FALSE
	EndGlobalSection
	GlobalSection(ExtensibilityGlobals) = postSolution
		SolutionGuid = {3983F86C-F996-4B4B-8407-A0FA31004602}
	EndGlobalSection
EndGlobal
