
Microsoft Visual Studio Solution File, Format Version 12.00
# Visual Studio Version 17
VisualStudioVersion = 17.14.36429.23
MinimumVisualStudioVersion = 10.0.40219.1
Project("{FAE04EC0-301F-11D3-BF4B-00C04F79EFBC}") = "cgca.core", "cgca.core\cgca.core.csproj", "{1784C64A-842C-4A2A-A4DD-60DFFF6D710A}"
EndProject
Project("{FAE04EC0-301F-11D3-BF4B-00C04F79EFBC}") = "cgcaWeb", "cgcaWeb\cgcaWeb.csproj", "{3C4AA048-A012-40DC-8E41-3D3E0C3E3380}"
	ProjectSection(ProjectDependencies) = postProject
		{1784C64A-842C-4A2A-A4DD-60DFFF6D710A} = {1784C64A-842C-4A2A-A4DD-60DFFF6D710A}
	EndProjectSection
EndProject
Project("{FAE04EC0-301F-11D3-BF4B-00C04F79EFBC}") = "cgca.api", "cgca.api\cgca.api.csproj", "{D1B5A9E8-FF29-48F6-83C5-FAA85C12FFA9}"
EndProject
Global
	GlobalSection(SolutionConfigurationPlatforms) = preSolution
		Debug|Any CPU = Debug|Any CPU
		Release|Any CPU = Release|Any CPU
	EndGlobalSection
	GlobalSection(ProjectConfigurationPlatforms) = postSolution
		{1784C64A-842C-4A2A-A4DD-60DFFF6D710A}.Debug|Any CPU.ActiveCfg = Debug|Any CPU
		{1784C64A-842C-4A2A-A4DD-60DFFF6D710A}.Debug|Any CPU.Build.0 = Debug|Any CPU
		{1784C64A-842C-4A2A-A4DD-60DFFF6D710A}.Release|Any CPU.ActiveCfg = Release|Any CPU
		{1784C64A-842C-4A2A-A4DD-60DFFF6D710A}.Release|Any CPU.Build.0 = Release|Any CPU
		{3C4AA048-A012-40DC-8E41-3D3E0C3E3380}.Debug|Any CPU.ActiveCfg = Debug|Any CPU
		{3C4AA048-A012-40DC-8E41-3D3E0C3E3380}.Debug|Any CPU.Build.0 = Debug|Any CPU
		{3C4AA048-A012-40DC-8E41-3D3E0C3E3380}.Release|Any CPU.ActiveCfg = Release|Any CPU
		{3C4AA048-A012-40DC-8E41-3D3E0C3E3380}.Release|Any CPU.Build.0 = Release|Any CPU
		{D1B5A9E8-FF29-48F6-83C5-FAA85C12FFA9}.Debug|Any CPU.ActiveCfg = Debug|Any CPU
		{D1B5A9E8-FF29-48F6-83C5-FAA85C12FFA9}.Debug|Any CPU.Build.0 = Debug|Any CPU
		{D1B5A9E8-FF29-48F6-83C5-FAA85C12FFA9}.Release|Any CPU.ActiveCfg = Release|Any CPU
		{D1B5A9E8-FF29-48F6-83C5-FAA85C12FFA9}.Release|Any CPU.Build.0 = Release|Any CPU
	EndGlobalSection
	GlobalSection(SolutionProperties) = preSolution
		HideSolutionNode = FALSE
	EndGlobalSection
	GlobalSection(ExtensibilityGlobals) = postSolution
		SolutionGuid = {ABEFA775-69A4-4C94-B46F-404CA7422208}
	EndGlobalSection
EndGlobal
